
Microsoft Visual Studio Solution File, Format Version 12.00
# Visual Studio Version 17
VisualStudioVersion = 17.7.34024.191
MinimumVisualStudioVersion = 10.0.40219.1
Project("{FAE04EC0-301F-11D3-BF4B-00C04F79EFBC}") = "LanchesMac", "LanchesMac\LanchesMac.csproj", "{7206446F-C178-4556-8620-0A2BBFDA17CA}"
EndProject
Global
	GlobalSection(SolutionConfigurationPlatforms) = preSolution
		Debug|Any CPU = Debug|Any CPU
		Release|Any CPU = Release|Any CPU
	EndGlobalSection
	GlobalSection(ProjectConfigurationPlatforms) = postSolution
		{7206446F-C178-4556-8620-0A2BBFDA17CA}.Debug|Any CPU.ActiveCfg = Debug|Any CPU
		{7206446F-C178-4556-8620-0A2BBFDA17CA}.Debug|Any CPU.Build.0 = Debug|Any CPU
		{7206446F-C178-4556-8620-0A2BBFDA17CA}.Release|Any CPU.ActiveCfg = Release|Any CPU
		{7206446F-C178-4556-8620-0A2BBFDA17CA}.Release|Any CPU.Build.0 = Release|Any CPU
	EndGlobalSection
	GlobalSection(SolutionProperties) = preSolution
		HideSolutionNode = FALSE
	EndGlobalSection
	GlobalSection(ExtensibilityGlobals) = postSolution
		SolutionGuid = {B616E80F-A301-4085-84ED-97A3ACDB83FD}
	EndGlobalSection
EndGlobal
